
Microsoft Visual Studio Solution File, Format Version 12.00
# Visual Studio Version 16
VisualStudioVersion = 16.0.29102.190
MinimumVisualStudioVersion = 15.0.26124.0
Project("{2150E333-8FDC-42A3-9474-1A3956D46DE8}") = "src", "src", "{0BD3048B-00A5-4F19-8DB7-CEE165CA4E0C}"
EndProject
Project("{9A19103F-16F7-4668-BE54-9A1E7A4F7556}") = "Superstring", "src\Superstring\Superstring.csproj", "{F8112FF9-EEA1-46CC-86BB-DE8567A54B08}"
EndProject
Project("{2150E333-8FDC-42A3-9474-1A3956D46DE8}") = "test", "test", "{3397E567-98F6-4B13-8BBE-1C86F3229D82}"
EndProject
Project("{2150E333-8FDC-42A3-9474-1A3956D46DE8}") = "netcore", "netcore", "{6DEAF4F0-DA1E-4EB3-91CC-7495DC2B2880}"
EndProject
Project("{9A19103F-16F7-4668-BE54-9A1E7A4F7556}") = "NetCoreUnitTests", "test\netcore\NetCoreUnitTests\NetCoreUnitTests.csproj", "{971AEA3B-405D-4683-AE7C-72C5A0989C35}"
EndProject
Project("{2150E333-8FDC-42A3-9474-1A3956D46DE8}") = "native-src", "native-src", "{183F2FC2-04B7-44E5-A52D-8782B52078BB}"
EndProject
Project("{2150E333-8FDC-42A3-9474-1A3956D46DE8}") = "core", "core", "{1BC6C3B8-9C62-4441-8C96-3E1BC2C8765F}"
	ProjectSection(SolutionItems) = preProject
		src\native-src\core\encoding-conversion.cc = src\native-src\core\encoding-conversion.cc
		src\native-src\core\encoding-conversion.h = src\native-src\core\encoding-conversion.h
		src\native-src\core\flat_set.h = src\native-src\core\flat_set.h
		src\native-src\core\libmba-diff.cc = src\native-src\core\libmba-diff.cc
		src\native-src\core\libmba-diff.h = src\native-src\core\libmba-diff.h
		src\native-src\core\marker-index.cc = src\native-src\core\marker-index.cc
		src\native-src\core\marker-index.h = src\native-src\core\marker-index.h
		src\native-src\core\optional.h = src\native-src\core\optional.h
		src\native-src\core\patch.cc = src\native-src\core\patch.cc
		src\native-src\core\patch.h = src\native-src\core\patch.h
		src\native-src\core\point.cc = src\native-src\core\point.cc
		src\native-src\core\point.h = src\native-src\core\point.h
		src\native-src\core\range.cc = src\native-src\core\range.cc
		src\native-src\core\range.h = src\native-src\core\range.h
		src\native-src\core\regex.cc = src\native-src\core\regex.cc
		src\native-src\core\regex.h = src\native-src\core\regex.h
		src\native-src\core\serializer.h = src\native-src\core\serializer.h
		src\native-src\core\text-buffer.cc = src\native-src\core\text-buffer.cc
		src\native-src\core\text-buffer.h = src\native-src\core\text-buffer.h
		src\native-src\core\text-diff.cc = src\native-src\core\text-diff.cc
		src\native-src\core\text-diff.h = src\native-src\core\text-diff.h
		src\native-src\core\text-slice.cc = src\native-src\core\text-slice.cc
		src\native-src\core\text-slice.h = src\native-src\core\text-slice.h
		src\native-src\core\text.cc = src\native-src\core\text.cc
		src\native-src\core\text.h = src\native-src\core\text.h
	EndProjectSection
EndProject
Project("{2150E333-8FDC-42A3-9474-1A3956D46DE8}") = "samples", "samples", "{8EAD3D20-9DB1-45CC-B499-D661DD52A698}"
EndProject
Project("{9A19103F-16F7-4668-BE54-9A1E7A4F7556}") = "SuperstringSample", "samples\SuperstringSample\SuperstringSample.csproj", "{790F54D1-2791-456C-9B29-FF8064C57E0B}"
EndProject
Global
	GlobalSection(SolutionConfigurationPlatforms) = preSolution
		Debug|Any CPU = Debug|Any CPU
		Debug|x64 = Debug|x64
		Debug|x86 = Debug|x86
		Release|Any CPU = Release|Any CPU
		Release|x64 = Release|x64
		Release|x86 = Release|x86
	EndGlobalSection
	GlobalSection(ProjectConfigurationPlatforms) = postSolution
		{F8112FF9-EEA1-46CC-86BB-DE8567A54B08}.Debug|Any CPU.ActiveCfg = Debug|Any CPU
		{F8112FF9-EEA1-46CC-86BB-DE8567A54B08}.Debug|Any CPU.Build.0 = Debug|Any CPU
		{F8112FF9-EEA1-46CC-86BB-DE8567A54B08}.Debug|x64.ActiveCfg = Debug|Any CPU
		{F8112FF9-EEA1-46CC-86BB-DE8567A54B08}.Debug|x64.Build.0 = Debug|Any CPU
		{F8112FF9-EEA1-46CC-86BB-DE8567A54B08}.Debug|x86.ActiveCfg = Debug|Any CPU
		{F8112FF9-EEA1-46CC-86BB-DE8567A54B08}.Debug|x86.Build.0 = Debug|Any CPU
		{F8112FF9-EEA1-46CC-86BB-DE8567A54B08}.Release|Any CPU.ActiveCfg = Release|Any CPU
		{F8112FF9-EEA1-46CC-86BB-DE8567A54B08}.Release|Any CPU.Build.0 = Release|Any CPU
		{F8112FF9-EEA1-46CC-86BB-DE8567A54B08}.Release|x64.ActiveCfg = Release|Any CPU
		{F8112FF9-EEA1-46CC-86BB-DE8567A54B08}.Release|x64.Build.0 = Release|Any CPU
		{F8112FF9-EEA1-46CC-86BB-DE8567A54B08}.Release|x86.ActiveCfg = Release|Any CPU
		{F8112FF9-EEA1-46CC-86BB-DE8567A54B08}.Release|x86.Build.0 = Release|Any CPU
		{971AEA3B-405D-4683-AE7C-72C5A0989C35}.Debug|Any CPU.ActiveCfg = Debug|Any CPU
		{971AEA3B-405D-4683-AE7C-72C5A0989C35}.Debug|Any CPU.Build.0 = Debug|Any CPU
		{971AEA3B-405D-4683-AE7C-72C5A0989C35}.Debug|x64.ActiveCfg = Debug|Any CPU
		{971AEA3B-405D-4683-AE7C-72C5A0989C35}.Debug|x64.Build.0 = Debug|Any CPU
		{971AEA3B-405D-4683-AE7C-72C5A0989C35}.Debug|x86.ActiveCfg = Debug|Any CPU
		{971AEA3B-405D-4683-AE7C-72C5A0989C35}.Debug|x86.Build.0 = Debug|Any CPU
		{971AEA3B-405D-4683-AE7C-72C5A0989C35}.Release|Any CPU.ActiveCfg = Release|Any CPU
		{971AEA3B-405D-4683-AE7C-72C5A0989C35}.Release|Any CPU.Build.0 = Release|Any CPU
		{971AEA3B-405D-4683-AE7C-72C5A0989C35}.Release|x64.ActiveCfg = Release|Any CPU
		{971AEA3B-405D-4683-AE7C-72C5A0989C35}.Release|x64.Build.0 = Release|Any CPU
		{971AEA3B-405D-4683-AE7C-72C5A0989C35}.Release|x86.ActiveCfg = Release|Any CPU
		{971AEA3B-405D-4683-AE7C-72C5A0989C35}.Release|x86.Build.0 = Release|Any CPU
		{790F54D1-2791-456C-9B29-FF8064C57E0B}.Debug|Any CPU.ActiveCfg = Debug|Any CPU
		{790F54D1-2791-456C-9B29-FF8064C57E0B}.Debug|Any CPU.Build.0 = Debug|Any CPU
		{790F54D1-2791-456C-9B29-FF8064C57E0B}.Debug|x64.ActiveCfg = Debug|Any CPU
		{790F54D1-2791-456C-9B29-FF8064C57E0B}.Debug|x64.Build.0 = Debug|Any CPU
		{790F54D1-2791-456C-9B29-FF8064C57E0B}.Debug|x86.ActiveCfg = Debug|Any CPU
		{790F54D1-2791-456C-9B29-FF8064C57E0B}.Debug|x86.Build.0 = Debug|Any CPU
		{790F54D1-2791-456C-9B29-FF8064C57E0B}.Release|Any CPU.ActiveCfg = Release|Any CPU
		{790F54D1-2791-456C-9B29-FF8064C57E0B}.Release|Any CPU.Build.0 = Release|Any CPU
		{790F54D1-2791-456C-9B29-FF8064C57E0B}.Release|x64.ActiveCfg = Release|Any CPU
		{790F54D1-2791-456C-9B29-FF8064C57E0B}.Release|x64.Build.0 = Release|Any CPU
		{790F54D1-2791-456C-9B29-FF8064C57E0B}.Release|x86.ActiveCfg = Release|Any CPU
		{790F54D1-2791-456C-9B29-FF8064C57E0B}.Release|x86.Build.0 = Release|Any CPU
	EndGlobalSection
	GlobalSection(SolutionProperties) = preSolution
		HideSolutionNode = FALSE
	EndGlobalSection
	GlobalSection(NestedProjects) = preSolution
		{F8112FF9-EEA1-46CC-86BB-DE8567A54B08} = {0BD3048B-00A5-4F19-8DB7-CEE165CA4E0C}
		{6DEAF4F0-DA1E-4EB3-91CC-7495DC2B2880} = {3397E567-98F6-4B13-8BBE-1C86F3229D82}
		{971AEA3B-405D-4683-AE7C-72C5A0989C35} = {6DEAF4F0-DA1E-4EB3-91CC-7495DC2B2880}
		{183F2FC2-04B7-44E5-A52D-8782B52078BB} = {0BD3048B-00A5-4F19-8DB7-CEE165CA4E0C}
		{1BC6C3B8-9C62-4441-8C96-3E1BC2C8765F} = {183F2FC2-04B7-44E5-A52D-8782B52078BB}
		{790F54D1-2791-456C-9B29-FF8064C57E0B} = {8EAD3D20-9DB1-45CC-B499-D661DD52A698}
	EndGlobalSection
	GlobalSection(ExtensibilityGlobals) = postSolution
		SolutionGuid = {574B7864-41A2-4ACE-97A3-8263D78446D0}
	EndGlobalSection
EndGlobal
